{
  "name": "fuel-off-import",
  "lockfileVersion": 3,
  "requires": true,
  "packages": {
    "": {
      "name": "fuel-off-import",
      "dependencies": {
        "@duckdb/node-api": "^1.4.1-r.2"
      }
    },
    "node_modules/@duckdb/node-api": {
      "version": "1.4.1-r.5",
      "resolved": "https://registry.npmjs.org/@duckdb/node-api/-/node-api-1.4.1-r.5.tgz",
      "integrity": "sha512-RBDVqlMp3/GYKF/VhHcUrIYGJoOOMmVN2Ha7FPpm0Qpbqzh5RAY+QSfq30PTkRvIav4IwhM/FOu8gJNUqYCZGw==",
      "license": "MIT",
      "dependencies": {
        "@duckdb/node-bindings": "1.4.1-r.5"
      }
    },
    "node_modules/@duckdb/node-bindings": {
      "version": "1.4.1-r.5",
      "resolved": "https://registry.npmjs.org/@duckdb/node-bindings/-/node-bindings-1.4.1-r.5.tgz",
      "integrity": "sha512-HUncdmpfjT4HxbH5NO6myazzudhddPc9lly7AgsYBdQSfTr1LCaQGb45cGiS5jEafpod9VOlk0bwJVbAIaBDWw==",
      "license": "MIT",
      "optionalDependencies": {
        "@duckdb/node-bindings-darwin-arm64": "1.4.1-r.5",
        "@duckdb/node-bindings-darwin-x64": "1.4.1-r.5",
        "@duckdb/node-bindings-linux-arm64": "1.4.1-r.5",
        "@duckdb/node-bindings-linux-x64": "1.4.1-r.5",
        "@duckdb/node-bindings-win32-x64": "1.4.1-r.5"
      }
    },
    "node_modules/@duckdb/node-bindings-darwin-arm64": {
      "version": "1.4.1-r.5",
      "resolved": "https://registry.npmjs.org/@duckdb/node-bindings-darwin-arm64/-/node-bindings-darwin-arm64-1.4.1-r.5.tgz",
      "integrity": "sha512-7LhYHy98ZqkGsK5XwDT/p7tCnGBTmZuxiEeNGJ/sdqvLJeDfbJuFnkXwnKMAue8ilgpI1pdET1QmqfdiKgkJyw==",
      "cpu": [
        "arm64"
      ],
      "license": "MIT",
      "optional": true,
      "os": [
        "darwin"
      ]
    },
    "node_modules/@duckdb/node-bindings-darwin-x64": {
      "version": "1.4.1-r.5",
      "resolved": "https://registry.npmjs.org/@duckdb/node-bindings-darwin-x64/-/node-bindings-darwin-x64-1.4.1-r.5.tgz",
      "integrity": "sha512-LIHHNPecG5Yk5JS+CnUMvq0dUaJ9glyRyV7w9GedyjxRYqT9d4Sbxl5UCj3a6Pu6Sf8IZrWtWXQB0C/4e6ITKw==",
      "cpu": [
        "x64"
      ],
      "license": "MIT",
      "optional": true,
      "os": [
        "darwin"
      ]
    },
    "node_modules/@duckdb/node-bindings-linux-arm64": {
      "version": "1.4.1-r.5",
      "resolved": "https://registry.npmjs.org/@duckdb/node-bindings-linux-arm64/-/node-bindings-linux-arm64-1.4.1-r.5.tgz",
      "integrity": "sha512-G1dp7PY7gQR0svheXVAQdrsOKv61jQxaM6jhp3FhhSNt2cHlsHld8kjnjXVCDr3OVlTP0vez/1mcbWpLZ7eB+w==",
      "cpu": [
        "arm64"
      ],
      "license": "MIT",
      "optional": true,
      "os": [
        "linux"
      ]
    },
    "node_modules/@duckdb/node-bindings-linux-x64": {
      "version": "1.4.1-r.5",
      "resolved": "https://registry.npmjs.org/@duckdb/node-bindings-linux-x64/-/node-bindings-linux-x64-1.4.1-r.5.tgz",
      "integrity": "sha512-BVkWzA7Lrl5VQcPNh3k8mb/83kyH+csZTdHM2sePjxCts0zvji9hnGnBIIn33xarHSd0+3igBDijeqxxiFiPYg==",
      "cpu": [
        "x64"
      ],
      "license": "MIT",
      "optional": true,
      "os": [
        "linux"
      ]
    },
    "node_modules/@duckdb/node-bindings-win32-x64": {
      "version": "1.4.1-r.5",
      "resolved": "https://registry.npmjs.org/@duckdb/node-bindings-win32-x64/-/node-bindings-win32-x64-1.4.1-r.5.tgz",
      "integrity": "sha512-Y/+vsLVGXIx9UMMyYDpYCSY3m0hXC1RjSaYfb7jkim8gcWQg0eRlbjTlDnmhth/8Z+eQ2sXXy8UVBd5IZ/bqYw==",
      "cpu": [
        "x64"
      ],
      "license": "MIT",
      "optional": true,
      "os": [
        "win32"
      ]
    }
  }
}
